
Microsoft Visual Studio Solution File, Format Version 12.00
# Visual Studio 14
VisualStudioVersion = 14.0.25420.1
MinimumVisualStudioVersion = 10.0.40219.1
Project("{00D1A9C2-B5F0-4AF3-8072-F6C62B433612}") = "Icopal_profBIS", "Icopal_profBIS\Icopal_profBIS.sqlproj", "{416A3DF6-504E-402B-AC1C-550597FD72D4}"
EndProject
Project("{00D1A9C2-B5F0-4AF3-8072-F6C62B433612}") = "profBIS_View", "profBIS_View\profBIS_View.sqlproj", "{9589FF7A-3121-4E6A-BF94-1CB8987068B4}"
EndProject
Project("{00D1A9C2-B5F0-4AF3-8072-F6C62B433612}") = "BMI_BI_DW", "BMI_BI_DW\BMI_BI_DW.sqlproj", "{1BAA9B66-ECE7-4DA8-A9F5-AF432FBD7E00}"
EndProject
Project("{2150E333-8FDC-42A3-9474-1A3956D46DE8}") = "CreateDatabaseScripts", "CreateDatabaseScripts", "{212DC471-3BA2-40BD-946A-7289315BE6F9}"
	ProjectSection(SolutionItems) = preProject
		CreateDatabaseScripts\BMI_BAT_MAN Database.Alter.sql = CreateDatabaseScripts\BMI_BAT_MAN Database.Alter.sql
		CreateDatabaseScripts\BMI_BAT_MAN Database.Create.sql = CreateDatabaseScripts\BMI_BAT_MAN Database.Create.sql
		CreateDatabaseScripts\BMI_BAT_MAN Database.Options.sql = CreateDatabaseScripts\BMI_BAT_MAN Database.Options.sql
		CreateDatabaseScripts\BMI_BI_DW Database.Alter.sql = CreateDatabaseScripts\BMI_BI_DW Database.Alter.sql
		CreateDatabaseScripts\BMI_BI_DW Database.Create.sql = CreateDatabaseScripts\BMI_BI_DW Database.Create.sql
		CreateDatabaseScripts\BMI_BI_DW Database.Options.sql = CreateDatabaseScripts\BMI_BI_DW Database.Options.sql
		CreateDatabaseScripts\BMI_BI_MART Database.Alter.sql = CreateDatabaseScripts\BMI_BI_MART Database.Alter.sql
		CreateDatabaseScripts\BMI_BI_MART Database.Create.sql = CreateDatabaseScripts\BMI_BI_MART Database.Create.sql
		CreateDatabaseScripts\BMI_BI_MART Database.Options.sql = CreateDatabaseScripts\BMI_BI_MART Database.Options.sql
	EndProjectSection
EndProject
Project("{2150E333-8FDC-42A3-9474-1A3956D46DE8}") = "CreateLoginScripts", "CreateLoginScripts", "{E09ED1C5-6287-4341-943E-8D1F717FAA2E}"
	ProjectSection(SolutionItems) = preProject
		CreateLoginScripts\Azure AD Admins.BMI_BI_DW_DEV.sql = CreateLoginScripts\Azure AD Admins.BMI_BI_DW_DEV.sql
		CreateLoginScripts\Azure AD Admins.BMI_BI_DW_PROD.sql = CreateLoginScripts\Azure AD Admins.BMI_BI_DW_PROD.sql
		CreateLoginScripts\Azure AD Admins.BMI_BI_MART_DEV.sql = CreateLoginScripts\Azure AD Admins.BMI_BI_MART_DEV.sql
		CreateLoginScripts\Azure AD Admins.BMI_BI_MART_PROD.sql = CreateLoginScripts\Azure AD Admins.BMI_BI_MART_PROD.sql
		CreateLoginScripts\Azure AD Admins.BMIBI_INFA_CACHE_DEV.sql = CreateLoginScripts\Azure AD Admins.BMIBI_INFA_CACHE_DEV.sql
		CreateLoginScripts\Azure AD Admins.BMIBI_INFA_CACHE_PROD.sql = CreateLoginScripts\Azure AD Admins.BMIBI_INFA_CACHE_PROD.sql
		CreateLoginScripts\Azure AD Admins.BMIBI_INFA_DOMAIN_DEV.sql = CreateLoginScripts\Azure AD Admins.BMIBI_INFA_DOMAIN_DEV.sql
		CreateLoginScripts\Azure AD Admins.BMIBI_INFA_DOMAIN_PROD.sql = CreateLoginScripts\Azure AD Admins.BMIBI_INFA_DOMAIN_PROD.sql
		CreateLoginScripts\Azure AD Admins.BMIBI_INFA_MODEL_DEV.sql = CreateLoginScripts\Azure AD Admins.BMIBI_INFA_MODEL_DEV.sql
		CreateLoginScripts\Azure AD Admins.BMIBI_INFA_MODEL_PROD.sql = CreateLoginScripts\Azure AD Admins.BMIBI_INFA_MODEL_PROD.sql
		CreateLoginScripts\Azure AD Admins.BMIBI_INFA_PROFILING_DEV.sql = CreateLoginScripts\Azure AD Admins.BMIBI_INFA_PROFILING_DEV.sql
		CreateLoginScripts\Azure AD Admins.BMIBI_INFA_PROFILING_PROD.sql = CreateLoginScripts\Azure AD Admins.BMIBI_INFA_PROFILING_PROD.sql
		CreateLoginScripts\Azure AD Admins.BMIBI_INFA_REFERENCE_DEV.sql = CreateLoginScripts\Azure AD Admins.BMIBI_INFA_REFERENCE_DEV.sql
		CreateLoginScripts\Azure AD Admins.BMIBI_INFA_REFERENCE_PROD.sql = CreateLoginScripts\Azure AD Admins.BMIBI_INFA_REFERENCE_PROD.sql
		CreateLoginScripts\Azure AD Admins.BMIBI_INFA_WORKFLOW_DEV.sql = CreateLoginScripts\Azure AD Admins.BMIBI_INFA_WORKFLOW_DEV.sql
		CreateLoginScripts\Azure AD Admins.BMIBI_INFA_WORKFLOW_PROD.sql = CreateLoginScripts\Azure AD Admins.BMIBI_INFA_WORKFLOW_PROD.sql
		CreateLoginScripts\Azure AD Logins.DEV.sql = CreateLoginScripts\Azure AD Logins.DEV.sql
		CreateLoginScripts\Azure AD Logins.PROD.sql = CreateLoginScripts\Azure AD Logins.PROD.sql
		CreateLoginScripts\Azure SQL Logins.DEV.sql = CreateLoginScripts\Azure SQL Logins.DEV.sql
		CreateLoginScripts\Azure SQL Logins.PROD.sql = CreateLoginScripts\Azure SQL Logins.PROD.sql
		CreateLoginScripts\DKSQL1 Logins.sql = CreateLoginScripts\DKSQL1 Logins.sql
	EndProjectSection
EndProject
Project("{2150E333-8FDC-42A3-9474-1A3956D46DE8}") = "CreateRoleScripts", "CreateRoleScripts", "{52BE18F2-7F4B-4D78-B956-C8879FED778A}"
	ProjectSection(SolutionItems) = preProject
		CreateRoleScripts\BMI_BAT_MAN Roles and Permissions.sql = CreateRoleScripts\BMI_BAT_MAN Roles and Permissions.sql
		CreateRoleScripts\BMI_BI_DW Roles and Permissions.sql = CreateRoleScripts\BMI_BI_DW Roles and Permissions.sql
		CreateRoleScripts\BMI_BI_MART Roles and Permissions.sql = CreateRoleScripts\BMI_BI_MART Roles and Permissions.sql
		CreateRoleScripts\profBIS_View Roles and Role Permissions.sql = CreateRoleScripts\profBIS_View Roles and Role Permissions.sql
	EndProjectSection
EndProject
Project("{2150E333-8FDC-42A3-9474-1A3956D46DE8}") = "CreateUserScripts", "CreateUserScripts", "{7F80BF99-58F0-495B-81A0-A5B9AD1CBCBB}"
	ProjectSection(SolutionItems) = preProject
		CreateUserScripts\BM_BI_DW Users.sql = CreateUserScripts\BM_BI_DW Users.sql
		CreateUserScripts\BM_BI_MART Users.sql = CreateUserScripts\BM_BI_MART Users.sql
		CreateUserScripts\BMI_BAT_MAN Users.sql = CreateUserScripts\BMI_BAT_MAN Users.sql
		CreateUserScripts\BMIBI_INFA_CACHE_DEV Users.sql = CreateUserScripts\BMIBI_INFA_CACHE_DEV Users.sql
		CreateUserScripts\BMIBI_INFA_CACHE_PROD Users.sql = CreateUserScripts\BMIBI_INFA_CACHE_PROD Users.sql
		CreateUserScripts\BMIBI_INFA_DOMAIN_DEV Users.sql = CreateUserScripts\BMIBI_INFA_DOMAIN_DEV Users.sql
		CreateUserScripts\BMIBI_INFA_DOMAIN_PROD Users.sql = CreateUserScripts\BMIBI_INFA_DOMAIN_PROD Users.sql
		CreateUserScripts\BMIBI_INFA_MODEL_REPO_DEV Users.sql = CreateUserScripts\BMIBI_INFA_MODEL_REPO_DEV Users.sql
		CreateUserScripts\BMIBI_INFA_MODEL_REPO_PROD Users.sql = CreateUserScripts\BMIBI_INFA_MODEL_REPO_PROD Users.sql
		CreateUserScripts\BMIBI_INFA_PROFILING_DEV Users.sql = CreateUserScripts\BMIBI_INFA_PROFILING_DEV Users.sql
		CreateUserScripts\BMIBI_INFA_PROFILING_PROD Users.sql = CreateUserScripts\BMIBI_INFA_PROFILING_PROD Users.sql
		CreateUserScripts\BMIBI_INFA_REFERENCE_DEV Users.sql = CreateUserScripts\BMIBI_INFA_REFERENCE_DEV Users.sql
		CreateUserScripts\BMIBI_INFA_REFERENCE_PROD Users.sql = CreateUserScripts\BMIBI_INFA_REFERENCE_PROD Users.sql
		CreateUserScripts\BMIBI_INFA_WORKFLOW_DEV Users.sql = CreateUserScripts\BMIBI_INFA_WORKFLOW_DEV Users.sql
		CreateUserScripts\BMIBI_INFA_WORKFLOW_PROD Users.sql = CreateUserScripts\BMIBI_INFA_WORKFLOW_PROD Users.sql
		CreateUserScripts\Icopal_profBIS Users.sql = CreateUserScripts\Icopal_profBIS Users.sql
		CreateUserScripts\profBIS_View Users.sql = CreateUserScripts\profBIS_View Users.sql
	EndProjectSection
EndProject
Project("{2150E333-8FDC-42A3-9474-1A3956D46DE8}") = "SchemaComparisons", "SchemaComparisons", "{446CA341-C1D8-4249-8168-BB9010C304AC}"
	ProjectSection(SolutionItems) = preProject
		SchemaComparisons\BMI_BAT_MAN.tests comparison.scmp = SchemaComparisons\BMI_BAT_MAN.tests comparison.scmp
		SchemaComparisons\BMI_BI_DW.scmp = SchemaComparisons\BMI_BI_DW.scmp
		SchemaComparisons\BMI_BI_DW.Tests Comparison.scmp = SchemaComparisons\BMI_BI_DW.Tests Comparison.scmp
		SchemaComparisons\profBIS_View.scmp = SchemaComparisons\profBIS_View.scmp
	EndProjectSection
EndProject
Project("{2150E333-8FDC-42A3-9474-1A3956D46DE8}") = "dacpacs", "dacpacs", "{C469F7AE-520A-4BF8-86E1-F086F41D747F}"
	ProjectSection(SolutionItems) = preProject
		dacpacs\BMI_BAT_MAN_SQL2016.dacpac = dacpacs\BMI_BAT_MAN_SQL2016.dacpac
		dacpacs\BMI_BI_DW_SQL2016.dacpac = dacpacs\BMI_BI_DW_SQL2016.dacpac
	EndProjectSection
EndProject
Project("{00D1A9C2-B5F0-4AF3-8072-F6C62B433612}") = "BMI_BI_DW.tests", "BMI_BI_DW.tests\BMI_BI_DW.tests.sqlproj", "{0821C4CC-2356-40D8-B838-757D26C7C84E}"
EndProject
Project("{00D1A9C2-B5F0-4AF3-8072-F6C62B433612}") = "BMI_BI_MART", "BMI_BI_MART\BMI_BI_MART.sqlproj", "{A741E739-FC10-4BB0-9520-9750B15DA32C}"
EndProject
Project("{00D1A9C2-B5F0-4AF3-8072-F6C62B433612}") = "BMI_BAT_MAN", "BMI_BAT_MAN\BMI_BAT_MAN.sqlproj", "{356F3988-D140-4D3F-A860-D71D990EB793}"
EndProject
Project("{00D1A9C2-B5F0-4AF3-8072-F6C62B433612}") = "BMI_BAT_MAN.tests", "BMI_BAT_MAN.tests\BMI_BAT_MAN.tests.sqlproj", "{84ADE24A-D9CA-4945-AC19-F83C67049FF7}"
EndProject
Project("{2150E333-8FDC-42A3-9474-1A3956D46DE8}") = "Solution Items", "Solution Items", "{39BD6BC0-FC97-4B59-86B9-3D697FAC06EC}"
EndProject
Global
	GlobalSection(SolutionConfigurationPlatforms) = preSolution
		Debug|Any CPU = Debug|Any CPU
		Development|Any CPU = Development|Any CPU
		Release|Any CPU = Release|Any CPU
	EndGlobalSection
	GlobalSection(ProjectConfigurationPlatforms) = postSolution
		{416A3DF6-504E-402B-AC1C-550597FD72D4}.Debug|Any CPU.ActiveCfg = Debug|Any CPU
		{416A3DF6-504E-402B-AC1C-550597FD72D4}.Debug|Any CPU.Build.0 = Debug|Any CPU
		{416A3DF6-504E-402B-AC1C-550597FD72D4}.Debug|Any CPU.Deploy.0 = Debug|Any CPU
		{416A3DF6-504E-402B-AC1C-550597FD72D4}.Development|Any CPU.ActiveCfg = Debug|Any CPU
		{416A3DF6-504E-402B-AC1C-550597FD72D4}.Development|Any CPU.Build.0 = Debug|Any CPU
		{416A3DF6-504E-402B-AC1C-550597FD72D4}.Development|Any CPU.Deploy.0 = Debug|Any CPU
		{416A3DF6-504E-402B-AC1C-550597FD72D4}.Release|Any CPU.ActiveCfg = Release|Any CPU
		{416A3DF6-504E-402B-AC1C-550597FD72D4}.Release|Any CPU.Build.0 = Release|Any CPU
		{416A3DF6-504E-402B-AC1C-550597FD72D4}.Release|Any CPU.Deploy.0 = Release|Any CPU
		{9589FF7A-3121-4E6A-BF94-1CB8987068B4}.Debug|Any CPU.ActiveCfg = Debug|Any CPU
		{9589FF7A-3121-4E6A-BF94-1CB8987068B4}.Debug|Any CPU.Build.0 = Debug|Any CPU
		{9589FF7A-3121-4E6A-BF94-1CB8987068B4}.Debug|Any CPU.Deploy.0 = Debug|Any CPU
		{9589FF7A-3121-4E6A-BF94-1CB8987068B4}.Development|Any CPU.ActiveCfg = Debug|Any CPU
		{9589FF7A-3121-4E6A-BF94-1CB8987068B4}.Development|Any CPU.Build.0 = Debug|Any CPU
		{9589FF7A-3121-4E6A-BF94-1CB8987068B4}.Development|Any CPU.Deploy.0 = Debug|Any CPU
		{9589FF7A-3121-4E6A-BF94-1CB8987068B4}.Release|Any CPU.ActiveCfg = Release|Any CPU
		{9589FF7A-3121-4E6A-BF94-1CB8987068B4}.Release|Any CPU.Build.0 = Release|Any CPU
		{9589FF7A-3121-4E6A-BF94-1CB8987068B4}.Release|Any CPU.Deploy.0 = Release|Any CPU
		{1BAA9B66-ECE7-4DA8-A9F5-AF432FBD7E00}.Debug|Any CPU.ActiveCfg = Debug|Any CPU
		{1BAA9B66-ECE7-4DA8-A9F5-AF432FBD7E00}.Debug|Any CPU.Build.0 = Debug|Any CPU
		{1BAA9B66-ECE7-4DA8-A9F5-AF432FBD7E00}.Debug|Any CPU.Deploy.0 = Debug|Any CPU
		{1BAA9B66-ECE7-4DA8-A9F5-AF432FBD7E00}.Development|Any CPU.ActiveCfg = Debug|Any CPU
		{1BAA9B66-ECE7-4DA8-A9F5-AF432FBD7E00}.Development|Any CPU.Build.0 = Debug|Any CPU
		{1BAA9B66-ECE7-4DA8-A9F5-AF432FBD7E00}.Development|Any CPU.Deploy.0 = Debug|Any CPU
		{1BAA9B66-ECE7-4DA8-A9F5-AF432FBD7E00}.Release|Any CPU.ActiveCfg = Release|Any CPU
		{1BAA9B66-ECE7-4DA8-A9F5-AF432FBD7E00}.Release|Any CPU.Build.0 = Release|Any CPU
		{1BAA9B66-ECE7-4DA8-A9F5-AF432FBD7E00}.Release|Any CPU.Deploy.0 = Release|Any CPU
		{0821C4CC-2356-40D8-B838-757D26C7C84E}.Debug|Any CPU.ActiveCfg = Debug|Any CPU
		{0821C4CC-2356-40D8-B838-757D26C7C84E}.Debug|Any CPU.Build.0 = Debug|Any CPU
		{0821C4CC-2356-40D8-B838-757D26C7C84E}.Debug|Any CPU.Deploy.0 = Debug|Any CPU
		{0821C4CC-2356-40D8-B838-757D26C7C84E}.Development|Any CPU.ActiveCfg = Debug|Any CPU
		{0821C4CC-2356-40D8-B838-757D26C7C84E}.Development|Any CPU.Build.0 = Debug|Any CPU
		{0821C4CC-2356-40D8-B838-757D26C7C84E}.Development|Any CPU.Deploy.0 = Debug|Any CPU
		{0821C4CC-2356-40D8-B838-757D26C7C84E}.Release|Any CPU.ActiveCfg = Release|Any CPU
		{0821C4CC-2356-40D8-B838-757D26C7C84E}.Release|Any CPU.Build.0 = Release|Any CPU
		{0821C4CC-2356-40D8-B838-757D26C7C84E}.Release|Any CPU.Deploy.0 = Release|Any CPU
		{A741E739-FC10-4BB0-9520-9750B15DA32C}.Debug|Any CPU.ActiveCfg = Debug|Any CPU
		{A741E739-FC10-4BB0-9520-9750B15DA32C}.Debug|Any CPU.Build.0 = Debug|Any CPU
		{A741E739-FC10-4BB0-9520-9750B15DA32C}.Debug|Any CPU.Deploy.0 = Debug|Any CPU
		{A741E739-FC10-4BB0-9520-9750B15DA32C}.Development|Any CPU.ActiveCfg = Debug|Any CPU
		{A741E739-FC10-4BB0-9520-9750B15DA32C}.Development|Any CPU.Build.0 = Debug|Any CPU
		{A741E739-FC10-4BB0-9520-9750B15DA32C}.Development|Any CPU.Deploy.0 = Debug|Any CPU
		{A741E739-FC10-4BB0-9520-9750B15DA32C}.Release|Any CPU.ActiveCfg = Release|Any CPU
		{A741E739-FC10-4BB0-9520-9750B15DA32C}.Release|Any CPU.Build.0 = Release|Any CPU
		{A741E739-FC10-4BB0-9520-9750B15DA32C}.Release|Any CPU.Deploy.0 = Release|Any CPU
		{356F3988-D140-4D3F-A860-D71D990EB793}.Debug|Any CPU.ActiveCfg = Debug|Any CPU
		{356F3988-D140-4D3F-A860-D71D990EB793}.Debug|Any CPU.Build.0 = Debug|Any CPU
		{356F3988-D140-4D3F-A860-D71D990EB793}.Debug|Any CPU.Deploy.0 = Debug|Any CPU
		{356F3988-D140-4D3F-A860-D71D990EB793}.Development|Any CPU.ActiveCfg = Debug|Any CPU
		{356F3988-D140-4D3F-A860-D71D990EB793}.Development|Any CPU.Build.0 = Debug|Any CPU
		{356F3988-D140-4D3F-A860-D71D990EB793}.Development|Any CPU.Deploy.0 = Debug|Any CPU
		{356F3988-D140-4D3F-A860-D71D990EB793}.Release|Any CPU.ActiveCfg = Release|Any CPU
		{356F3988-D140-4D3F-A860-D71D990EB793}.Release|Any CPU.Build.0 = Release|Any CPU
		{356F3988-D140-4D3F-A860-D71D990EB793}.Release|Any CPU.Deploy.0 = Release|Any CPU
		{84ADE24A-D9CA-4945-AC19-F83C67049FF7}.Debug|Any CPU.ActiveCfg = Debug|Any CPU
		{84ADE24A-D9CA-4945-AC19-F83C67049FF7}.Debug|Any CPU.Build.0 = Debug|Any CPU
		{84ADE24A-D9CA-4945-AC19-F83C67049FF7}.Debug|Any CPU.Deploy.0 = Debug|Any CPU
		{84ADE24A-D9CA-4945-AC19-F83C67049FF7}.Development|Any CPU.ActiveCfg = Debug|Any CPU
		{84ADE24A-D9CA-4945-AC19-F83C67049FF7}.Development|Any CPU.Build.0 = Debug|Any CPU
		{84ADE24A-D9CA-4945-AC19-F83C67049FF7}.Development|Any CPU.Deploy.0 = Debug|Any CPU
		{84ADE24A-D9CA-4945-AC19-F83C67049FF7}.Release|Any CPU.ActiveCfg = Release|Any CPU
		{84ADE24A-D9CA-4945-AC19-F83C67049FF7}.Release|Any CPU.Build.0 = Release|Any CPU
		{84ADE24A-D9CA-4945-AC19-F83C67049FF7}.Release|Any CPU.Deploy.0 = Release|Any CPU
	EndGlobalSection
	GlobalSection(SolutionProperties) = preSolution
		HideSolutionNode = FALSE
	EndGlobalSection
EndGlobal
