
Microsoft Visual Studio Solution File, Format Version 12.00
# Visual Studio 14
VisualStudioVersion = 14.0.25420.1
MinimumVisualStudioVersion = 10.0.40219.1
Project("{159641D6-6404-4A2A-AE62-294DE0FE8301}") = "BMI_BI_SSIS_BudgetImport", "BMI_BI_SSIS_BudgetImport\BMI_BI_SSIS_BudgetImport.dtproj", "{5BC1CEF1-94D4-4CC2-88DF-3CF535EE90D4}"
EndProject
Project("{159641D6-6404-4A2A-AE62-294DE0FE8301}") = "BI_POC_SSIS", "BI_POC_SSIS\BI_POC_SSIS.dtproj", "{0A8C3D07-EA9F-4907-9727-FF92AABFD131}"
EndProject
Global
	GlobalSection(SolutionConfigurationPlatforms) = preSolution
		Development|Default = Development|Default
	EndGlobalSection
	GlobalSection(ProjectConfigurationPlatforms) = postSolution
		{5BC1CEF1-94D4-4CC2-88DF-3CF535EE90D4}.Development|Default.ActiveCfg = Development
		{5BC1CEF1-94D4-4CC2-88DF-3CF535EE90D4}.Development|Default.Build.0 = Development
		{0A8C3D07-EA9F-4907-9727-FF92AABFD131}.Development|Default.ActiveCfg = Development
		{0A8C3D07-EA9F-4907-9727-FF92AABFD131}.Development|Default.Build.0 = Development
	EndGlobalSection
	GlobalSection(SolutionProperties) = preSolution
		HideSolutionNode = FALSE
	EndGlobalSection
EndGlobal
